
Microsoft Visual Studio Solution File, Format Version 12.00
# Visual Studio 15
VisualStudioVersion = 15.0.28010.2019
MinimumVisualStudioVersion = 10.0.40219.1
Project("{FAE04EC0-301F-11D3-BF4B-00C04F79EFBC}") = "EnumExample", "EnumExample\EnumExample.csproj", "{06B5FD28-D1A5-483F-A53F-CEF27B5B4B0D}"
EndProject
Global
	GlobalSection(SolutionConfigurationPlatforms) = preSolution
		Debug|Any CPU = Debug|Any CPU
		Release|Any CPU = Release|Any CPU
	EndGlobalSection
	GlobalSection(ProjectConfigurationPlatforms) = postSolution
		{06B5FD28-D1A5-483F-A53F-CEF27B5B4B0D}.Debug|Any CPU.ActiveCfg = Debug|Any CPU
		{06B5FD28-D1A5-483F-A53F-CEF27B5B4B0D}.Debug|Any CPU.Build.0 = Debug|Any CPU
		{06B5FD28-D1A5-483F-A53F-CEF27B5B4B0D}.Release|Any CPU.ActiveCfg = Release|Any CPU
		{06B5FD28-D1A5-483F-A53F-CEF27B5B4B0D}.Release|Any CPU.Build.0 = Release|Any CPU
	EndGlobalSection
	GlobalSection(SolutionProperties) = preSolution
		HideSolutionNode = FALSE
	EndGlobalSection
	GlobalSection(ExtensibilityGlobals) = postSolution
		SolutionGuid = {CB85F246-D6B1-4186-A676-03131BCF5E76}
	EndGlobalSection
EndGlobal
